
Microsoft Visual Studio Solution File, Format Version 12.00
# Visual Studio Version 16
VisualStudioVersion = 16.0.31005.135
MinimumVisualStudioVersion = 10.0.40219.1
Project("{FAE04EC0-301F-11D3-BF4B-00C04F79EFBC}") = "PrimeNumber", "PrimeNumber\PrimeNumber.csproj", "{DAD3C604-2D9B-44F0-A530-98A40390BE43}"
EndProject
Global
	GlobalSection(SolutionConfigurationPlatforms) = preSolution
		Debug|Any CPU = Debug|Any CPU
		Release|Any CPU = Release|Any CPU
	EndGlobalSection
	GlobalSection(ProjectConfigurationPlatforms) = postSolution
		{DAD3C604-2D9B-44F0-A530-98A40390BE43}.Debug|Any CPU.ActiveCfg = Debug|Any CPU
		{DAD3C604-2D9B-44F0-A530-98A40390BE43}.Debug|Any CPU.Build.0 = Debug|Any CPU
		{DAD3C604-2D9B-44F0-A530-98A40390BE43}.Release|Any CPU.ActiveCfg = Release|Any CPU
		{DAD3C604-2D9B-44F0-A530-98A40390BE43}.Release|Any CPU.Build.0 = Release|Any CPU
	EndGlobalSection
	GlobalSection(SolutionProperties) = preSolution
		HideSolutionNode = FALSE
	EndGlobalSection
	GlobalSection(ExtensibilityGlobals) = postSolution
		SolutionGuid = {012EB284-EAF6-4EC9-9A12-0A27E67F04AE}
	EndGlobalSection
EndGlobal
